{
  "lockfileVersion": 1,
  "workspaces": {
    "": {
      "name": "ai",
      "dependencies": {
        "@ai-sdk/openai": "^3.0.0-beta.88",
        "@ai-sdk/react": "^3.0.0-beta.140",
        "ai": "^6.0.0-beta.138",
        "hono": "^4.10.7",
      },
      "devDependencies": {
        "@types/bun": "latest",
      },
    },
  },
  "packages": {
    "@ai-sdk/gateway": ["@ai-sdk/gateway@2.0.0-beta.73", "", { "dependencies": { "@ai-sdk/provider": "3.0.0-beta.25", "@ai-sdk/provider-utils": "4.0.0-beta.44", "@vercel/oidc": "3.0.5" }, "peerDependencies": { "zod": "^3.25.76 || ^4.1.8" } }, "sha512-fVuJ4emiymdSmlB7IiRfSyaWZm3+zqBUf+KYJiYrlpQEXGZPMTgo2xNhVlyb0oWzFyFBnbIChYBNZgzFs48ckQ=="],

    "@ai-sdk/openai": ["@ai-sdk/openai@3.0.0-beta.88", "", { "dependencies": { "@ai-sdk/provider": "3.0.0-beta.25", "@ai-sdk/provider-utils": "4.0.0-beta.44" }, "peerDependencies": { "zod": "^3.25.76 || ^4.1.8" } }, "sha512-XnzUZ0CDIoK7Lorx9X14lKirBNo0rCQqliAXLoGL2ldpsJ1OPXfP32mqg0cRMDQL29EmSYxNMczzjm0GWUys5g=="],

    "@ai-sdk/provider": ["@ai-sdk/provider@3.0.0-beta.25", "", { "dependencies": { "json-schema": "^0.4.0" } }, "sha512-DE7vSHX29Tgw3VX8oPuIJ6yD0nCKor98LvpUX1SkUCqi4UNKQeOr0X93RaRciINRaDQwGcDVRRuGU7RONYDIfg=="],

    "@ai-sdk/provider-utils": ["@ai-sdk/provider-utils@4.0.0-beta.44", "", { "dependencies": { "@ai-sdk/provider": "3.0.0-beta.25", "@standard-schema/spec": "^1.0.0", "eventsource-parser": "^3.0.6" }, "peerDependencies": { "@valibot/to-json-schema": "^1.3.0", "arktype": "^2.1.22", "effect": "^3.18.4", "zod": "^3.25.76 || ^4.1.8" }, "optionalPeers": ["@valibot/to-json-schema", "arktype", "effect"] }, "sha512-eV5Ubq01zT9rQnJaf6nCQKgpQgEiOzWzlXGWRFTZGDfVn/+09GRJ/gyLXhliwUjTgaNLTZvTdp9HahTigENn4w=="],

    "@ai-sdk/react": ["@ai-sdk/react@3.0.0-beta.140", "", { "dependencies": { "@ai-sdk/provider-utils": "4.0.0-beta.44", "ai": "6.0.0-beta.138", "swr": "^2.2.5", "throttleit": "2.1.0" }, "peerDependencies": { "react": "^18 || ^19" } }, "sha512-MuqDtBt7Sm/cmrt110qsYgz3+z2y+S1FVFZbJ16fy8gVy7s63grutuZD5/EdaQK/3L6D0/RgElQdYR7s+in9oQ=="],

    "@opentelemetry/api": ["@opentelemetry/api@1.9.0", "", {}, "sha512-3giAOQvZiH5F9bMlMiv8+GSPMeqg0dbaeo58/0SlA9sxSqZhnUtxzX9/2FzyhS9sWQf5S0GJE0AKBrFqjpeYcg=="],

    "@standard-schema/spec": ["@standard-schema/spec@1.0.0", "", {}, "sha512-m2bOd0f2RT9k8QJx1JN85cZYyH1RqFBdlwtkSlf4tBDYLCiiZnv1fIIwacK6cqwXavOydf0NPToMQgpKq+dVlA=="],

    "@types/bun": ["@types/bun@1.3.4", "", { "dependencies": { "bun-types": "1.3.4" } }, "sha512-EEPTKXHP+zKGPkhRLv+HI0UEX8/o+65hqARxLy8Ov5rIxMBPNTjeZww00CIihrIQGEQBYg+0roO5qOnS/7boGA=="],

    "@types/node": ["@types/node@24.10.1", "", { "dependencies": { "undici-types": "~7.16.0" } }, "sha512-GNWcUTRBgIRJD5zj+Tq0fKOJ5XZajIiBroOF0yvj2bSU1WvNdYS/dn9UxwsujGW4JX06dnHyjV2y9rRaybH0iQ=="],

    "@vercel/oidc": ["@vercel/oidc@3.0.5", "", {}, "sha512-fnYhv671l+eTTp48gB4zEsTW/YtRgRPnkI2nT7x6qw5rkI1Lq2hTmQIpHPgyThI0znLK+vX2n9XxKdXZ7BUbbw=="],

    "ai": ["ai@6.0.0-beta.138", "", { "dependencies": { "@ai-sdk/gateway": "2.0.0-beta.73", "@ai-sdk/provider": "3.0.0-beta.25", "@ai-sdk/provider-utils": "4.0.0-beta.44", "@opentelemetry/api": "1.9.0" }, "peerDependencies": { "zod": "^3.25.76 || ^4.1.8" } }, "sha512-aS+XzvnUXUx4irNY/UH0tM+yTIMGgWsMDFKiwWHVKaPhKvdRoJA+KoVqW+/EzBU4zI+v+OriNKCMKz3kW++7kA=="],

    "bun-types": ["bun-types@1.3.4", "", { "dependencies": { "@types/node": "*" } }, "sha512-5ua817+BZPZOlNaRgGBpZJOSAQ9RQ17pkwPD0yR7CfJg+r8DgIILByFifDTa+IPDDxzf5VNhtNlcKqFzDgJvlQ=="],

    "dequal": ["dequal@2.0.3", "", {}, "sha512-0je+qPKHEMohvfRTCEo3CrPG6cAzAYgmzKyxRiYSSDkS6eGJdyVJm7WaYA5ECaAD9wLB2T4EEeymA5aFVcYXCA=="],

    "eventsource-parser": ["eventsource-parser@3.0.6", "", {}, "sha512-Vo1ab+QXPzZ4tCa8SwIHJFaSzy4R6SHf7BY79rFBDf0idraZWAkYrDjDj8uWaSm3S2TK+hJ7/t1CEmZ7jXw+pg=="],

    "hono": ["hono@4.10.7", "", {}, "sha512-icXIITfw/07Q88nLSkB9aiUrd8rYzSweK681Kjo/TSggaGbOX4RRyxxm71v+3PC8C/j+4rlxGeoTRxQDkaJkUw=="],

    "json-schema": ["json-schema@0.4.0", "", {}, "sha512-es94M3nTIfsEPisRafak+HDLfHXnKBhV3vU5eqPcS3flIWqcxJWgXHXiey3YrpaNsanY5ei1VoYEbOzijuq9BA=="],

    "react": ["react@19.2.1", "", {}, "sha512-DGrYcCWK7tvYMnWh79yrPHt+vdx9tY+1gPZa7nJQtO/p8bLTDaHp4dzwEhQB7pZ4Xe3ok4XKuEPrVuc+wlpkmw=="],

    "swr": ["swr@2.3.7", "", { "dependencies": { "dequal": "^2.0.3", "use-sync-external-store": "^1.4.0" }, "peerDependencies": { "react": "^16.11.0 || ^17.0.0 || ^18.0.0 || ^19.0.0" } }, "sha512-ZEquQ82QvalqTxhBVv/DlAg2mbmUjF4UgpPg9wwk4ufb9rQnZXh1iKyyKBqV6bQGu1Ie7L1QwSYO07qFIa1p+g=="],

    "throttleit": ["throttleit@2.1.0", "", {}, "sha512-nt6AMGKW1p/70DF/hGBdJB57B8Tspmbp5gfJ8ilhLnt7kkr2ye7hzD6NVG8GGErk2HWF34igrL2CXmNIkzKqKw=="],

    "undici-types": ["undici-types@7.16.0", "", {}, "sha512-Zz+aZWSj8LE6zoxD+xrjh4VfkIG8Ya6LvYkZqtUQGJPZjYl53ypCaUwWqo7eI0x66KBGeRo+mlBEkMSeSZ38Nw=="],

    "use-sync-external-store": ["use-sync-external-store@1.6.0", "", { "peerDependencies": { "react": "^16.8.0 || ^17.0.0 || ^18.0.0 || ^19.0.0" } }, "sha512-Pp6GSwGP/NrPIrxVFAIkOQeyw8lFenOHijQWkUTrDvrF4ALqylP2C/KCkeS9dpUM3KvYRQhna5vt7IL95+ZQ9w=="],

    "zod": ["zod@4.1.13", "", {}, "sha512-AvvthqfqrAhNH9dnfmrfKzX5upOdjUVJYFqNSlkmGf64gRaTzlPwz99IHYnVs28qYAybvAlBV+H7pn0saFY4Ig=="],
  }
}
